
Microsoft Visual Studio Solution File, Format Version 12.00
# Visual Studio Version 16
VisualStudioVersion = 16.0.31702.278
MinimumVisualStudioVersion = 10.0.40219.1
Project("{FAE04EC0-301F-11D3-BF4B-00C04F79EFBC}") = "Lab4", "Lab4.csproj", "{115C7733-47B4-4A99-9FC7-B08F9771098E}"
EndProject
Global
	GlobalSection(SolutionConfigurationPlatforms) = preSolution
		Debug|Any CPU = Debug|Any CPU
		Release|Any CPU = Release|Any CPU
	EndGlobalSection
	GlobalSection(ProjectConfigurationPlatforms) = postSolution
		{115C7733-47B4-4A99-9FC7-B08F9771098E}.Debug|Any CPU.ActiveCfg = Debug|Any CPU
		{115C7733-47B4-4A99-9FC7-B08F9771098E}.Debug|Any CPU.Build.0 = Debug|Any CPU
		{115C7733-47B4-4A99-9FC7-B08F9771098E}.Release|Any CPU.ActiveCfg = Release|Any CPU
		{115C7733-47B4-4A99-9FC7-B08F9771098E}.Release|Any CPU.Build.0 = Release|Any CPU
	EndGlobalSection
	GlobalSection(SolutionProperties) = preSolution
		HideSolutionNode = FALSE
	EndGlobalSection
	GlobalSection(ExtensibilityGlobals) = postSolution
		SolutionGuid = {F052CAAB-8800-42C2-9968-465F378AB0CA}
	EndGlobalSection
EndGlobal
